// !$*UTF8*$!
{
	archiveVersion = 1;
	classes = {
	};
	objectVersion = 56;
	objects = {

/* Begin PBXBuildFile section */
		5D0505E62A34F1DE0005E68F /* CityOnboardingApp.swift in Sources */ = {isa = PBXBuildFile; fileRef = 5D0505E52A34F1DE0005E68F /* CityOnboardingApp.swift */; };
		5D0505E82A34F1DE0005E68F /* ContentView.swift in Sources */ = {isa = PBXBuildFile; fileRef = 5D0505E72A34F1DE0005E68F /* ContentView.swift */; };
		5D0505EA2A34F1DF0005E68F /* Assets.xcassets in Resources */ = {isa = PBXBuildFile; fileRef = 5D0505E92A34F1DF0005E68F /* Assets.xcassets */; };
		5D0505ED2A34F1DF0005E68F /* Preview Assets.xcassets in Resources */ = {isa = PBXBuildFile; fileRef = 5D0505EC2A34F1DF0005E68F /* Preview Assets.xcassets */; };
		5D0505EF2A34F1DF0005E68F /* Item.swift in Sources */ = {isa = PBXBuildFile; fileRef = 5D0505EE2A34F1DF0005E68F /* Item.swift */; };
		5D0505FE2A34F4550005E68F /* Home.swift in Sources */ = {isa = PBXBuildFile; fileRef = 5D0505FD2A34F4550005E68F /* Home.swift */; };
		5D0506002A34F45F0005E68F /* OnBoarding.swift in Sources */ = {isa = PBXBuildFile; fileRef = 5D0505FF2A34F45F0005E68F /* OnBoarding.swift */; };
		5D0506032A34FE8C0005E68F /* City.swift in Sources */ = {isa = PBXBuildFile; fileRef = 5D0506022A34FE8C0005E68F /* City.swift */; };
		5D0506052A3529480005E68F /* OnBoardingViewModel.swift in Sources */ = {isa = PBXBuildFile; fileRef = 5D0506042A3529480005E68F /* OnBoardingViewModel.swift */; };
/* End PBXBuildFile section */

/* Begin PBXFileReference section */
		5D0505E22A34F1DE0005E68F /* CityOnboarding.app */ = {isa = PBXFileReference; explicitFileType = wrapper.application; includeInIndex = 0; path = CityOnboarding.app; sourceTree = BUILT_PRODUCTS_DIR; };
		5D0505E52A34F1DE0005E68F /* CityOnboardingApp.swift */ = {isa = PBXFileReference; lastKnownFileType = sourcecode.swift; path = CityOnboardingApp.swift; sourceTree = "<group>"; };
		5D0505E72A34F1DE0005E68F /* ContentView.swift */ = {isa = PBXFileReference; lastKnownFileType = sourcecode.swift; path = ContentView.swift; sourceTree = "<group>"; };
		5D0505E92A34F1DF0005E68F /* Assets.xcassets */ = {isa = PBXFileReference; lastKnownFileType = folder.assetcatalog; path = Assets.xcassets; sourceTree = "<group>"; };
		5D0505EC2A34F1DF0005E68F /* Preview Assets.xcassets */ = {isa = PBXFileReference; lastKnownFileType = folder.assetcatalog; path = "Preview Assets.xcassets"; sourceTree = "<group>"; };
		5D0505EE2A34F1DF0005E68F /* Item.swift */ = {isa = PBXFileReference; lastKnownFileType = sourcecode.swift; path = Item.swift; sourceTree = "<group>"; };
		5D0505FD2A34F4550005E68F /* Home.swift */ = {isa = PBXFileReference; lastKnownFileType = sourcecode.swift; path = Home.swift; sourceTree = "<group>"; };
		5D0505FF2A34F45F0005E68F /* OnBoarding.swift */ = {isa = PBXFileReference; lastKnownFileType = sourcecode.swift; path = OnBoarding.swift; sourceTree = "<group>"; };
		5D0506022A34FE8C0005E68F /* City.swift */ = {isa = PBXFileReference; lastKnownFileType = sourcecode.swift; path = City.swift; sourceTree = "<group>"; };
		5D0506042A3529480005E68F /* OnBoardingViewModel.swift */ = {isa = PBXFileReference; lastKnownFileType = sourcecode.swift; path = OnBoardingViewModel.swift; sourceTree = "<group>"; };
/* End PBXFileReference section */

/* Begin PBXFrameworksBuildPhase section */
		5D0505DF2A34F1DE0005E68F /* Frameworks */ = {
			isa = PBXFrameworksBuildPhase;
			buildActionMask = 2147483647;
			files = (
			);
			runOnlyForDeploymentPostprocessing = 0;
		};
/* End PBXFrameworksBuildPhase section */

/* Begin PBXGroup section */
		5D0505D92A34F1DE0005E68F = {
			isa = PBXGroup;
			children = (
				5D0505E52A34F1DE0005E68F /* CityOnboardingApp.swift */,
				5D0505E42A34F1DE0005E68F /* CityOnboarding */,
				5D0505E32A34F1DE0005E68F /* Products */,
			);
			sourceTree = "<group>";
		};
		5D0505E32A34F1DE0005E68F /* Products */ = {
			isa = PBXGroup;
			children = (
				5D0505E22A34F1DE0005E68F /* CityOnboarding.app */,
			);
			name = Products;
			sourceTree = "<group>";
		};
		5D0505E42A34F1DE0005E68F /* CityOnboarding */ = {
			isa = PBXGroup;
			children = (
				5D0506012A34FE800005E68F /* Model */,
				5D0505F52A34F3A60005E68F /* Core */,
				5D0505E72A34F1DE0005E68F /* ContentView.swift */,
				5D0505E92A34F1DF0005E68F /* Assets.xcassets */,
				5D0505EE2A34F1DF0005E68F /* Item.swift */,
				5D0505EB2A34F1DF0005E68F /* Preview Content */,
			);
			path = CityOnboarding;
			sourceTree = "<group>";
		};
		5D0505EB2A34F1DF0005E68F /* Preview Content */ = {
			isa = PBXGroup;
			children = (
				5D0505EC2A34F1DF0005E68F /* Preview Assets.xcassets */,
			);
			path = "Preview Content";
			sourceTree = "<group>";
		};
		5D0505F52A34F3A60005E68F /* Core */ = {
			isa = PBXGroup;
			children = (
				5D0505F72A34F3C10005E68F /* OnBoarding */,
				5D0505F62A34F3AD0005E68F /* HomeScreen */,
			);
			path = Core;
			sourceTree = "<group>";
		};
		5D0505F62A34F3AD0005E68F /* HomeScreen */ = {
			isa = PBXGroup;
			children = (
				5D0505F92A34F3D00005E68F /* ViewModel */,
				5D0505F82A34F3CA0005E68F /* View */,
			);
			path = HomeScreen;
			sourceTree = "<group>";
		};
		5D0505F72A34F3C10005E68F /* OnBoarding */ = {
			isa = PBXGroup;
			children = (
				5D0505FB2A34F3DB0005E68F /* ViewModel */,
				5D0505FA2A34F3D60005E68F /* View */,
			);
			path = OnBoarding;
			sourceTree = "<group>";
		};
		5D0505F82A34F3CA0005E68F /* View */ = {
			isa = PBXGroup;
			children = (
				5D0505FD2A34F4550005E68F /* Home.swift */,
			);
			path = View;
			sourceTree = "<group>";
		};
		5D0505F92A34F3D00005E68F /* ViewModel */ = {
			isa = PBXGroup;
			children = (
			);
			path = ViewModel;
			sourceTree = "<group>";
		};
		5D0505FA2A34F3D60005E68F /* View */ = {
			isa = PBXGroup;
			children = (
				5D0505FF2A34F45F0005E68F /* OnBoarding.swift */,
			);
			path = View;
			sourceTree = "<group>";
		};
		5D0505FB2A34F3DB0005E68F /* ViewModel */ = {
			isa = PBXGroup;
			children = (
				5D0506042A3529480005E68F /* OnBoardingViewModel.swift */,
			);
			path = ViewModel;
			sourceTree = "<group>";
		};
		5D0506012A34FE800005E68F /* Model */ = {
			isa = PBXGroup;
			children = (
				5D0506022A34FE8C0005E68F /* City.swift */,
			);
			path = Model;
			sourceTree = "<group>";
		};
/* End PBXGroup section */

/* Begin PBXNativeTarget section */
		5D0505E12A34F1DE0005E68F /* CityOnboarding */ = {
			isa = PBXNativeTarget;
			buildConfigurationList = 5D0505F22A34F1DF0005E68F /* Build configuration list for PBXNativeTarget "CityOnboarding" */;
			buildPhases = (
				5D0505DE2A34F1DE0005E68F /* Sources */,
				5D0505DF2A34F1DE0005E68F /* Frameworks */,
				5D0505E02A34F1DE0005E68F /* Resources */,
			);
			buildRules = (
			);
			dependencies = (
			);
			name = CityOnboarding;
			productName = CityOnboarding;
			productReference = 5D0505E22A34F1DE0005E68F /* CityOnboarding.app */;
			productType = "com.apple.product-type.application";
		};
/* End PBXNativeTarget section */

/* Begin PBXProject section */
		5D0505DA2A34F1DE0005E68F /* Project object */ = {
			isa = PBXProject;
			attributes = {
				BuildIndependentTargetsInParallel = 1;
				LastSwiftUpdateCheck = 1500;
				LastUpgradeCheck = 1500;
				TargetAttributes = {
					5D0505E12A34F1DE0005E68F = {
						CreatedOnToolsVersion = 15.0;
					};
				};
			};
			buildConfigurationList = 5D0505DD2A34F1DE0005E68F /* Build configuration list for PBXProject "CityOnboarding" */;
			compatibilityVersion = "Xcode 14.0";
			developmentRegion = en;
			hasScannedForEncodings = 0;
			knownRegions = (
				en,
				Base,
			);
			mainGroup = 5D0505D92A34F1DE0005E68F;
			productRefGroup = 5D0505E32A34F1DE0005E68F /* Products */;
			projectDirPath = "";
			projectRoot = "";
			targets = (
				5D0505E12A34F1DE0005E68F /* CityOnboarding */,
			);
		};
/* End PBXProject section */

/* Begin PBXResourcesBuildPhase section */
		5D0505E02A34F1DE0005E68F /* Resources */ = {
			isa = PBXResourcesBuildPhase;
			buildActionMask = 2147483647;
			files = (
				5D0505ED2A34F1DF0005E68F /* Preview Assets.xcassets in Resources */,
				5D0505EA2A34F1DF0005E68F /* Assets.xcassets in Resources */,
			);
			runOnlyForDeploymentPostprocessing = 0;
		};
/* End PBXResourcesBuildPhase section */

/* Begin PBXSourcesBuildPhase section */
		5D0505DE2A34F1DE0005E68F /* Sources */ = {
			isa = PBXSourcesBuildPhase;
			buildActionMask = 2147483647;
			files = (
				5D0505E82A34F1DE0005E68F /* ContentView.swift in Sources */,
				5D0505EF2A34F1DF0005E68F /* Item.swift in Sources */,
				5D0506052A3529480005E68F /* OnBoardingViewModel.swift in Sources */,
				5D0506032A34FE8C0005E68F /* City.swift in Sources */,
				5D0505FE2A34F4550005E68F /* Home.swift in Sources */,
				5D0505E62A34F1DE0005E68F /* CityOnboardingApp.swift in Sources */,
				5D0506002A34F45F0005E68F /* OnBoarding.swift in Sources */,
			);
			runOnlyForDeploymentPostprocessing = 0;
		};
/* End PBXSourcesBuildPhase section */

/* Begin XCBuildConfiguration section */
		5D0505F02A34F1DF0005E68F /* Debug */ = {
			isa = XCBuildConfiguration;
			buildSettings = {
				ALWAYS_SEARCH_USER_PATHS = NO;
				ASSETCATALOG_COMPILER_GENERATE_SWIFT_ASSET_SYMBOL_EXTENSIONS = YES;
				CLANG_ANALYZER_NONNULL = YES;
				CLANG_ANALYZER_NUMBER_OBJECT_CONVERSION = YES_AGGRESSIVE;
				CLANG_CXX_LANGUAGE_STANDARD = "gnu++20";
				CLANG_ENABLE_MODULES = YES;
				CLANG_ENABLE_OBJC_ARC = YES;
				CLANG_ENABLE_OBJC_WEAK = YES;
				CLANG_WARN_BLOCK_CAPTURE_AUTORELEASING = YES;
				CLANG_WARN_BOOL_CONVERSION = YES;
				CLANG_WARN_COMMA = YES;
				CLANG_WARN_CONSTANT_CONVERSION = YES;
				CLANG_WARN_DEPRECATED_OBJC_IMPLEMENTATIONS = YES;
				CLANG_WARN_DIRECT_OBJC_ISA_USAGE = YES_ERROR;
				CLANG_WARN_DOCUMENTATION_COMMENTS = YES;
				CLANG_WARN_EMPTY_BODY = YES;
				CLANG_WARN_ENUM_CONVERSION = YES;
				CLANG_WARN_INFINITE_RECURSION = YES;
				CLANG_WARN_INT_CONVERSION = YES;
				CLANG_WARN_NON_LITERAL_NULL_CONVERSION = YES;
				CLANG_WARN_OBJC_IMPLICIT_RETAIN_SELF = YES;
				CLANG_WARN_OBJC_LITERAL_CONVERSION = YES;
				CLANG_WARN_OBJC_ROOT_CLASS = YES_ERROR;
				CLANG_WARN_QUOTED_INCLUDE_IN_FRAMEWORK_HEADER = YES;
				CLANG_WARN_RANGE_LOOP_ANALYSIS = YES;
				CLANG_WARN_STRICT_PROTOTYPES = YES;
				CLANG_WARN_SUSPICIOUS_MOVE = YES;
				CLANG_WARN_UNGUARDED_AVAILABILITY = YES_AGGRESSIVE;
				CLANG_WARN_UNREACHABLE_CODE = YES;
				CLANG_WARN__DUPLICATE_METHOD_MATCH = YES;
				COPY_PHASE_STRIP = NO;
				DEBUG_INFORMATION_FORMAT = dwarf;
				ENABLE_STRICT_OBJC_MSGSEND = YES;
				ENABLE_TESTABILITY = YES;
				ENABLE_USER_SCRIPT_SANDBOXING = YES;
				GCC_C_LANGUAGE_STANDARD = gnu17;
				GCC_DYNAMIC_NO_PIC = NO;
				GCC_NO_COMMON_BLOCKS = YES;
				GCC_OPTIMIZATION_LEVEL = 0;
				GCC_PREPROCESSOR_DEFINITIONS = (
					"DEBUG=1",
					"$(inherited)",
				);
				GCC_WARN_64_TO_32_BIT_CONVERSION = YES;
				GCC_WARN_ABOUT_RETURN_TYPE = YES_ERROR;
				GCC_WARN_UNDECLARED_SELECTOR = YES;
				GCC_WARN_UNINITIALIZED_AUTOS = YES_AGGRESSIVE;
				GCC_WARN_UNUSED_FUNCTION = YES;
				GCC_WARN_UNUSED_VARIABLE = YES;
				IPHONEOS_DEPLOYMENT_TARGET = 17.0;
				LOCALIZATION_PREFERS_STRING_CATALOGS = YES;
				MTL_ENABLE_DEBUG_INFO = INCLUDE_SOURCE;
				MTL_FAST_MATH = YES;
				ONLY_ACTIVE_ARCH = YES;
				SDKROOT = iphoneos;
				SWIFT_ACTIVE_COMPILATION_CONDITIONS = "DEBUG $(inherited)";
				SWIFT_OPTIMIZATION_LEVEL = "-Onone";
			};
			name = Debug;
		};
		5D0505F12A34F1DF0005E68F /* Release */ = {
			isa = XCBuildConfiguration;
			buildSettings = {
				ALWAYS_SEARCH_USER_PATHS = NO;
				ASSETCATALOG_COMPILER_GENERATE_SWIFT_ASSET_SYMBOL_EXTENSIONS = YES;
				CLANG_ANALYZER_NONNULL = YES;
				CLANG_ANALYZER_NUMBER_OBJECT_CONVERSION = YES_AGGRESSIVE;
				CLANG_CXX_LANGUAGE_STANDARD = "gnu++20";
				CLANG_ENABLE_MODULES = YES;
				CLANG_ENABLE_OBJC_ARC = YES;
				CLANG_ENABLE_OBJC_WEAK = YES;
				CLANG_WARN_BLOCK_CAPTURE_AUTORELEASING = YES;
				CLANG_WARN_BOOL_CONVERSION = YES;
				CLANG_WARN_COMMA = YES;
				CLANG_WARN_CONSTANT_CONVERSION = YES;
				CLANG_WARN_DEPRECATED_OBJC_IMPLEMENTATIONS = YES;
				CLANG_WARN_DIRECT_OBJC_ISA_USAGE = YES_ERROR;
				CLANG_WARN_DOCUMENTATION_COMMENTS = YES;
				CLANG_WARN_EMPTY_BODY = YES;
				CLANG_WARN_ENUM_CONVERSION = YES;
				CLANG_WARN_INFINITE_RECURSION = YES;
				CLANG_WARN_INT_CONVERSION = YES;
				CLANG_WARN_NON_LITERAL_NULL_CONVERSION = YES;
				CLANG_WARN_OBJC_IMPLICIT_RETAIN_SELF = YES;
				CLANG_WARN_OBJC_LITERAL_CONVERSION = YES;
				CLANG_WARN_OBJC_ROOT_CLASS = YES_ERROR;
				CLANG_WARN_QUOTED_INCLUDE_IN_FRAMEWORK_HEADER = YES;
				CLANG_WARN_RANGE_LOOP_ANALYSIS = YES;
				CLANG_WARN_STRICT_PROTOTYPES = YES;
				CLANG_WARN_SUSPICIOUS_MOVE = YES;
				CLANG_WARN_UNGUARDED_AVAILABILITY = YES_AGGRESSIVE;
				CLANG_WARN_UNREACHABLE_CODE = YES;
				CLANG_WARN__DUPLICATE_METHOD_MATCH = YES;
				COPY_PHASE_STRIP = NO;
				DEBUG_INFORMATION_FORMAT = "dwarf-with-dsym";
				ENABLE_NS_ASSERTIONS = NO;
				ENABLE_STRICT_OBJC_MSGSEND = YES;
				ENABLE_USER_SCRIPT_SANDBOXING = YES;
				GCC_C_LANGUAGE_STANDARD = gnu17;
				GCC_NO_COMMON_BLOCKS = YES;
				GCC_WARN_64_TO_32_BIT_CONVERSION = YES;
				GCC_WARN_ABOUT_RETURN_TYPE = YES_ERROR;
				GCC_WARN_UNDECLARED_SELECTOR = YES;
				GCC_WARN_UNINITIALIZED_AUTOS = YES_AGGRESSIVE;
				GCC_WARN_UNUSED_FUNCTION = YES;
				GCC_WARN_UNUSED_VARIABLE = YES;
				IPHONEOS_DEPLOYMENT_TARGET = 17.0;
				LOCALIZATION_PREFERS_STRING_CATALOGS = YES;
				MTL_ENABLE_DEBUG_INFO = NO;
				MTL_FAST_MATH = YES;
				SDKROOT = iphoneos;
				SWIFT_COMPILATION_MODE = wholemodule;
				VALIDATE_PRODUCT = YES;
			};
			name = Release;
		};
		5D0505F32A34F1DF0005E68F /* Debug */ = {
			isa = XCBuildConfiguration;
			buildSettings = {
				ASSETCATALOG_COMPILER_APPICON_NAME = AppIcon;
				ASSETCATALOG_COMPILER_GLOBAL_ACCENT_COLOR_NAME = AccentColor;
				CODE_SIGN_STYLE = Automatic;
				CURRENT_PROJECT_VERSION = 1;
				DEVELOPMENT_ASSET_PATHS = "\"CityOnboarding/Preview Content\"";
				DEVELOPMENT_TEAM = G4XLFMNW66;
				ENABLE_PREVIEWS = YES;
				GENERATE_INFOPLIST_FILE = YES;
				INFOPLIST_KEY_UIApplicationSceneManifest_Generation = YES;
				INFOPLIST_KEY_UIApplicationSupportsIndirectInputEvents = YES;
				INFOPLIST_KEY_UILaunchScreen_Generation = YES;
				INFOPLIST_KEY_UISupportedInterfaceOrientations_iPad = "UIInterfaceOrientationPortrait UIInterfaceOrientationPortraitUpsideDown UIInterfaceOrientationLandscapeLeft UIInterfaceOrientationLandscapeRight";
				INFOPLIST_KEY_UISupportedInterfaceOrientations_iPhone = "UIInterfaceOrientationPortrait UIInterfaceOrientationLandscapeLeft UIInterfaceOrientationLandscapeRight";
				LD_RUNPATH_SEARCH_PATHS = (
					"$(inherited)",
					"@executable_path/Frameworks",
				);
				MARKETING_VERSION = 1.0;
				PRODUCT_BUNDLE_IDENTIFIER = com.PrashannaR.CityOnboarding;
				PRODUCT_NAME = "$(TARGET_NAME)";
				SWIFT_EMIT_LOC_STRINGS = YES;
				SWIFT_VERSION = 5.0;
				TARGETED_DEVICE_FAMILY = "1,2";
			};
			name = Debug;
		};
		5D0505F42A34F1DF0005E68F /* Release */ = {
			isa = XCBuildConfiguration;
			buildSettings = {
				ASSETCATALOG_COMPILER_APPICON_NAME = AppIcon;
				ASSETCATALOG_COMPILER_GLOBAL_ACCENT_COLOR_NAME = AccentColor;
				CODE_SIGN_STYLE = Automatic;
				CURRENT_PROJECT_VERSION = 1;
				DEVELOPMENT_ASSET_PATHS = "\"CityOnboarding/Preview Content\"";
				DEVELOPMENT_TEAM = G4XLFMNW66;
				ENABLE_PREVIEWS = YES;
				GENERATE_INFOPLIST_FILE = YES;
				INFOPLIST_KEY_UIApplicationSceneManifest_Generation = YES;
				INFOPLIST_KEY_UIApplicationSupportsIndirectInputEvents = YES;
				INFOPLIST_KEY_UILaunchScreen_Generation = YES;
				INFOPLIST_KEY_UISupportedInterfaceOrientations_iPad = "UIInterfaceOrientationPortrait UIInterfaceOrientationPortraitUpsideDown UIInterfaceOrientationLandscapeLeft UIInterfaceOrientationLandscapeRight";
				INFOPLIST_KEY_UISupportedInterfaceOrientations_iPhone = "UIInterfaceOrientationPortrait UIInterfaceOrientationLandscapeLeft UIInterfaceOrientationLandscapeRight";
				LD_RUNPATH_SEARCH_PATHS = (
					"$(inherited)",
					"@executable_path/Frameworks",
				);
				MARKETING_VERSION = 1.0;
				PRODUCT_BUNDLE_IDENTIFIER = com.PrashannaR.CityOnboarding;
				PRODUCT_NAME = "$(TARGET_NAME)";
				SWIFT_EMIT_LOC_STRINGS = YES;
				SWIFT_VERSION = 5.0;
				TARGETED_DEVICE_FAMILY = "1,2";
			};
			name = Release;
		};
/* End XCBuildConfiguration section */

/* Begin XCConfigurationList section */
		5D0505DD2A34F1DE0005E68F /* Build configuration list for PBXProject "CityOnboarding" */ = {
			isa = XCConfigurationList;
			buildConfigurations = (
				5D0505F02A34F1DF0005E68F /* Debug */,
				5D0505F12A34F1DF0005E68F /* Release */,
			);
			defaultConfigurationIsVisible = 0;
			defaultConfigurationName = Release;
		};
		5D0505F22A34F1DF0005E68F /* Build configuration list for PBXNativeTarget "CityOnboarding" */ = {
			isa = XCConfigurationList;
			buildConfigurations = (
				5D0505F32A34F1DF0005E68F /* Debug */,
				5D0505F42A34F1DF0005E68F /* Release */,
			);
			defaultConfigurationIsVisible = 0;
			defaultConfigurationName = Release;
		};
/* End XCConfigurationList section */
	};
	rootObject = 5D0505DA2A34F1DE0005E68F /* Project object */;
}
